
Microsoft Visual Studio Solution File, Format Version 12.00
# Visual Studio Version 17
VisualStudioVersion = 17.14.36414.22
MinimumVisualStudioVersion = 10.0.40219.1
Project("{2150E333-8FDC-42A3-9474-1A3956D46DE8}") = "Services", "Services", "{02EA681E-C7D8-13C7-8484-4AC65E1B71E8}"
EndProject
Project("{2150E333-8FDC-42A3-9474-1A3956D46DE8}") = "1GatewayService", "1GatewayService", "{9BEED27F-159E-4576-A051-2DD027117446}"
EndProject
Project("{2150E333-8FDC-42A3-9474-1A3956D46DE8}") = "2CourseService", "2CourseService", "{CC934EA0-AF0E-42E4-B83B-6132C257C96D}"
EndProject
Project("{2150E333-8FDC-42A3-9474-1A3956D46DE8}") = "3UserService", "3UserService", "{2024DB5A-6AFF-4805-BF6D-36E52744679E}"
EndProject
Project("{2150E333-8FDC-42A3-9474-1A3956D46DE8}") = "4AssessmentService", "4AssessmentService", "{1837D9AC-AD26-4E17-9BA9-77E6970EA0CE}"
EndProject
Project("{2150E333-8FDC-42A3-9474-1A3956D46DE8}") = "5ProgresService", "5ProgresService", "{B2485D48-2938-4F17-9013-B3FC5DBB10EE}"
EndProject
Project("{2150E333-8FDC-42A3-9474-1A3956D46DE8}") = "6NotificationService", "6NotificationService", "{8709B125-8DC5-4EB6-8B5E-9ADBDE284909}"
EndProject
Project("{FAE04EC0-301F-11D3-BF4B-00C04F79EFBC}") = "GatewayService.BLL", "Services\GatewayService\GatewayService.BLL\GatewayService.BLL.csproj", "{78E8AE9E-3F96-4D55-9ED1-D5706345A4F5}"
EndProject
Project("{FAE04EC0-301F-11D3-BF4B-00C04F79EFBC}") = "GatewayService.DAL", "Services\GatewayService\GatewayService.DAL\GatewayService.DAL.csproj", "{44272233-9D73-4B42-9961-BCF7AA2B9E47}"
EndProject
Project("{FAE04EC0-301F-11D3-BF4B-00C04F79EFBC}") = "GatewayService.Web", "Services\GatewayService\GatewayService.Web\GatewayService.Web.csproj", "{6DBCD496-B68E-4647-938F-21789429DD9C}"
EndProject
Project("{FAE04EC0-301F-11D3-BF4B-00C04F79EFBC}") = "CourseService.BLL", "Services\CourseService\CourseService.BLL\CourseService.BLL.csproj", "{66461B83-C3A4-43C1-9A3B-BBF2C616E2CA}"
EndProject
Project("{FAE04EC0-301F-11D3-BF4B-00C04F79EFBC}") = "CourseService.DAL", "Services\CourseService\CourseService.DAL\CourseService.DAL.csproj", "{A608E1A9-CEEA-449A-B894-3C5610133F65}"
EndProject
Project("{FAE04EC0-301F-11D3-BF4B-00C04F79EFBC}") = "CourseService.Web", "Services\CourseService\CourseService.Web\CourseService.Web.csproj", "{4EB01548-8EE8-41DE-8095-8774844E38EA}"
EndProject
Project("{FAE04EC0-301F-11D3-BF4B-00C04F79EFBC}") = "UserService.BLL", "Services\UserService\UserService.BLL\UserService.BLL.csproj", "{F2601D56-6F3E-47A5-BEEC-9CE503398534}"
EndProject
Project("{FAE04EC0-301F-11D3-BF4B-00C04F79EFBC}") = "UserService.DAL", "Services\UserService\UserService.DAL\UserService.DAL.csproj", "{EE65F405-1A15-411D-96B6-3DA8E2F1D699}"
EndProject
Project("{FAE04EC0-301F-11D3-BF4B-00C04F79EFBC}") = "UserService.Web", "Services\UserService\UserService.Web\UserService.Web.csproj", "{1EF32C7F-84D1-45BA-991D-C2A5A9AF8068}"
EndProject
Project("{FAE04EC0-301F-11D3-BF4B-00C04F79EFBC}") = "AssessmentService.BLL", "Services\AssessmentService\AssessmentService.BLL\AssessmentService.BLL.csproj", "{D77E25B0-AA70-48AF-AB85-F6B88DA6902C}"
EndProject
Project("{FAE04EC0-301F-11D3-BF4B-00C04F79EFBC}") = "AssessmentService.DAL", "Services\AssessmentService\AssessmentService.DAL\AssessmentService.DAL.csproj", "{F5B6BD1B-43EE-4AA0-945D-AF04A9C6D45C}"
EndProject
Project("{FAE04EC0-301F-11D3-BF4B-00C04F79EFBC}") = "AssessmentService.Web", "Services\AssessmentService\AssessmentService.Web\AssessmentService.Web.csproj", "{570E4ADE-255F-46A9-80BE-4EA022730CA9}"
EndProject
Project("{FAE04EC0-301F-11D3-BF4B-00C04F79EFBC}") = "ProgresService.BLL", "Services\ProgresService\ProgresService.BLL\ProgresService.BLL.csproj", "{3147C107-163F-4AB8-B8A0-A83F6F66FBB0}"
EndProject
Project("{FAE04EC0-301F-11D3-BF4B-00C04F79EFBC}") = "ProgresService.DAL", "Services\ProgresService\ProgresService.DAL\ProgresService.DAL.csproj", "{411FCF7F-E896-4AAA-9A6E-F1AF491A2DA0}"
EndProject
Project("{FAE04EC0-301F-11D3-BF4B-00C04F79EFBC}") = "ProgresService.Web", "Services\ProgresService\ProgresService.Web\ProgresService.Web.csproj", "{550FFE19-A9C9-4A96-B622-811E596500CB}"
EndProject
Project("{FAE04EC0-301F-11D3-BF4B-00C04F79EFBC}") = "NotificationService.BLL", "Services\NotificationService\NotificationService.BLL\NotificationService.BLL.csproj", "{5E517F04-1E2A-4FFD-A96C-6173329905DE}"
EndProject
Project("{FAE04EC0-301F-11D3-BF4B-00C04F79EFBC}") = "NotificationService.DAL", "Services\NotificationService\NotificationService.DAL\NotificationService.DAL.csproj", "{BDB71F58-EB9C-4E7C-8EB9-ED50EBF3DF53}"
EndProject
Project("{FAE04EC0-301F-11D3-BF4B-00C04F79EFBC}") = "NotificationService.Web", "Services\NotificationService\NotificationService.Web\NotificationService.Web.csproj", "{0C1B02BF-9582-4570-BF08-54DDF343D30E}"
EndProject
Project("{2150E333-8FDC-42A3-9474-1A3956D46DE8}") = "Gateway", "Gateway", "{7030F03A-AC68-43F6-A03C-2F19A47B259E}"
EndProject
Project("{FAE04EC0-301F-11D3-BF4B-00C04F79EFBC}") = "Gateway", "Gateway\Gateway.csproj", "{AA6B8980-B54D-4792-AC58-F5C5B6960925}"
EndProject
Project("{2150E333-8FDC-42A3-9474-1A3956D46DE8}") = "Tests", "Tests", "{8B585FB0-4712-4CF4-AAD2-1644E0A38D25}"
EndProject
Project("{FAE04EC0-301F-11D3-BF4B-00C04F79EFBC}") = "LMS.Tests", "LMS.Tests\LMS.Tests.csproj", "{F4072FB2-80F9-4D40-8936-061A017F974D}"
EndProject
Project("{2150E333-8FDC-42A3-9474-1A3956D46DE8}") = "Solution Items", "Solution Items", "{8EC462FD-D22E-90A8-E5CE-7E832BA40C5D}"
	ProjectSection(SolutionItems) = preProject
		coverlet.runsettings = coverlet.runsettings
	EndProjectSection
EndProject
Project("{FAE04EC0-301F-11D3-BF4B-00C04F79EFBC}") = "DTOs", "DTOs\DTOs\DTOs.csproj", "{43933550-05B2-4B04-BF60-4A67E8855C59}"
EndProject
Global
	GlobalSection(SolutionConfigurationPlatforms) = preSolution
		Debug|Any CPU = Debug|Any CPU
		Release|Any CPU = Release|Any CPU
	EndGlobalSection
	GlobalSection(ProjectConfigurationPlatforms) = postSolution
		{78E8AE9E-3F96-4D55-9ED1-D5706345A4F5}.Debug|Any CPU.ActiveCfg = Debug|Any CPU
		{78E8AE9E-3F96-4D55-9ED1-D5706345A4F5}.Debug|Any CPU.Build.0 = Debug|Any CPU
		{78E8AE9E-3F96-4D55-9ED1-D5706345A4F5}.Release|Any CPU.ActiveCfg = Release|Any CPU
		{78E8AE9E-3F96-4D55-9ED1-D5706345A4F5}.Release|Any CPU.Build.0 = Release|Any CPU
		{44272233-9D73-4B42-9961-BCF7AA2B9E47}.Debug|Any CPU.ActiveCfg = Debug|Any CPU
		{44272233-9D73-4B42-9961-BCF7AA2B9E47}.Debug|Any CPU.Build.0 = Debug|Any CPU
		{44272233-9D73-4B42-9961-BCF7AA2B9E47}.Release|Any CPU.ActiveCfg = Release|Any CPU
		{44272233-9D73-4B42-9961-BCF7AA2B9E47}.Release|Any CPU.Build.0 = Release|Any CPU
		{6DBCD496-B68E-4647-938F-21789429DD9C}.Debug|Any CPU.ActiveCfg = Debug|Any CPU
		{6DBCD496-B68E-4647-938F-21789429DD9C}.Debug|Any CPU.Build.0 = Debug|Any CPU
		{6DBCD496-B68E-4647-938F-21789429DD9C}.Release|Any CPU.ActiveCfg = Release|Any CPU
		{6DBCD496-B68E-4647-938F-21789429DD9C}.Release|Any CPU.Build.0 = Release|Any CPU
		{66461B83-C3A4-43C1-9A3B-BBF2C616E2CA}.Debug|Any CPU.ActiveCfg = Debug|Any CPU
		{66461B83-C3A4-43C1-9A3B-BBF2C616E2CA}.Debug|Any CPU.Build.0 = Debug|Any CPU
		{66461B83-C3A4-43C1-9A3B-BBF2C616E2CA}.Release|Any CPU.ActiveCfg = Release|Any CPU
		{66461B83-C3A4-43C1-9A3B-BBF2C616E2CA}.Release|Any CPU.Build.0 = Release|Any CPU
		{A608E1A9-CEEA-449A-B894-3C5610133F65}.Debug|Any CPU.ActiveCfg = Debug|Any CPU
		{A608E1A9-CEEA-449A-B894-3C5610133F65}.Debug|Any CPU.Build.0 = Debug|Any CPU
		{A608E1A9-CEEA-449A-B894-3C5610133F65}.Release|Any CPU.ActiveCfg = Release|Any CPU
		{A608E1A9-CEEA-449A-B894-3C5610133F65}.Release|Any CPU.Build.0 = Release|Any CPU
		{4EB01548-8EE8-41DE-8095-8774844E38EA}.Debug|Any CPU.ActiveCfg = Debug|Any CPU
		{4EB01548-8EE8-41DE-8095-8774844E38EA}.Debug|Any CPU.Build.0 = Debug|Any CPU
		{4EB01548-8EE8-41DE-8095-8774844E38EA}.Release|Any CPU.ActiveCfg = Release|Any CPU
		{4EB01548-8EE8-41DE-8095-8774844E38EA}.Release|Any CPU.Build.0 = Release|Any CPU
		{F2601D56-6F3E-47A5-BEEC-9CE503398534}.Debug|Any CPU.ActiveCfg = Debug|Any CPU
		{F2601D56-6F3E-47A5-BEEC-9CE503398534}.Debug|Any CPU.Build.0 = Debug|Any CPU
		{F2601D56-6F3E-47A5-BEEC-9CE503398534}.Release|Any CPU.ActiveCfg = Release|Any CPU
		{F2601D56-6F3E-47A5-BEEC-9CE503398534}.Release|Any CPU.Build.0 = Release|Any CPU
		{EE65F405-1A15-411D-96B6-3DA8E2F1D699}.Debug|Any CPU.ActiveCfg = Debug|Any CPU
		{EE65F405-1A15-411D-96B6-3DA8E2F1D699}.Debug|Any CPU.Build.0 = Debug|Any CPU
		{EE65F405-1A15-411D-96B6-3DA8E2F1D699}.Release|Any CPU.ActiveCfg = Release|Any CPU
		{EE65F405-1A15-411D-96B6-3DA8E2F1D699}.Release|Any CPU.Build.0 = Release|Any CPU
		{1EF32C7F-84D1-45BA-991D-C2A5A9AF8068}.Debug|Any CPU.ActiveCfg = Debug|Any CPU
		{1EF32C7F-84D1-45BA-991D-C2A5A9AF8068}.Debug|Any CPU.Build.0 = Debug|Any CPU
		{1EF32C7F-84D1-45BA-991D-C2A5A9AF8068}.Release|Any CPU.ActiveCfg = Release|Any CPU
		{1EF32C7F-84D1-45BA-991D-C2A5A9AF8068}.Release|Any CPU.Build.0 = Release|Any CPU
		{D77E25B0-AA70-48AF-AB85-F6B88DA6902C}.Debug|Any CPU.ActiveCfg = Debug|Any CPU
		{D77E25B0-AA70-48AF-AB85-F6B88DA6902C}.Debug|Any CPU.Build.0 = Debug|Any CPU
		{D77E25B0-AA70-48AF-AB85-F6B88DA6902C}.Release|Any CPU.ActiveCfg = Release|Any CPU
		{D77E25B0-AA70-48AF-AB85-F6B88DA6902C}.Release|Any CPU.Build.0 = Release|Any CPU
		{F5B6BD1B-43EE-4AA0-945D-AF04A9C6D45C}.Debug|Any CPU.ActiveCfg = Debug|Any CPU
		{F5B6BD1B-43EE-4AA0-945D-AF04A9C6D45C}.Debug|Any CPU.Build.0 = Debug|Any CPU
		{F5B6BD1B-43EE-4AA0-945D-AF04A9C6D45C}.Release|Any CPU.ActiveCfg = Release|Any CPU
		{F5B6BD1B-43EE-4AA0-945D-AF04A9C6D45C}.Release|Any CPU.Build.0 = Release|Any CPU
		{570E4ADE-255F-46A9-80BE-4EA022730CA9}.Debug|Any CPU.ActiveCfg = Debug|Any CPU
		{570E4ADE-255F-46A9-80BE-4EA022730CA9}.Debug|Any CPU.Build.0 = Debug|Any CPU
		{570E4ADE-255F-46A9-80BE-4EA022730CA9}.Release|Any CPU.ActiveCfg = Release|Any CPU
		{570E4ADE-255F-46A9-80BE-4EA022730CA9}.Release|Any CPU.Build.0 = Release|Any CPU
		{3147C107-163F-4AB8-B8A0-A83F6F66FBB0}.Debug|Any CPU.ActiveCfg = Debug|Any CPU
		{3147C107-163F-4AB8-B8A0-A83F6F66FBB0}.Debug|Any CPU.Build.0 = Debug|Any CPU
		{3147C107-163F-4AB8-B8A0-A83F6F66FBB0}.Release|Any CPU.ActiveCfg = Release|Any CPU
		{3147C107-163F-4AB8-B8A0-A83F6F66FBB0}.Release|Any CPU.Build.0 = Release|Any CPU
		{411FCF7F-E896-4AAA-9A6E-F1AF491A2DA0}.Debug|Any CPU.ActiveCfg = Debug|Any CPU
		{411FCF7F-E896-4AAA-9A6E-F1AF491A2DA0}.Debug|Any CPU.Build.0 = Debug|Any CPU
		{411FCF7F-E896-4AAA-9A6E-F1AF491A2DA0}.Release|Any CPU.ActiveCfg = Release|Any CPU
		{411FCF7F-E896-4AAA-9A6E-F1AF491A2DA0}.Release|Any CPU.Build.0 = Release|Any CPU
		{550FFE19-A9C9-4A96-B622-811E596500CB}.Debug|Any CPU.ActiveCfg = Debug|Any CPU
		{550FFE19-A9C9-4A96-B622-811E596500CB}.Debug|Any CPU.Build.0 = Debug|Any CPU
		{550FFE19-A9C9-4A96-B622-811E596500CB}.Release|Any CPU.ActiveCfg = Release|Any CPU
		{550FFE19-A9C9-4A96-B622-811E596500CB}.Release|Any CPU.Build.0 = Release|Any CPU
		{5E517F04-1E2A-4FFD-A96C-6173329905DE}.Debug|Any CPU.ActiveCfg = Debug|Any CPU
		{5E517F04-1E2A-4FFD-A96C-6173329905DE}.Debug|Any CPU.Build.0 = Debug|Any CPU
		{5E517F04-1E2A-4FFD-A96C-6173329905DE}.Release|Any CPU.ActiveCfg = Release|Any CPU
		{5E517F04-1E2A-4FFD-A96C-6173329905DE}.Release|Any CPU.Build.0 = Release|Any CPU
		{BDB71F58-EB9C-4E7C-8EB9-ED50EBF3DF53}.Debug|Any CPU.ActiveCfg = Debug|Any CPU
		{BDB71F58-EB9C-4E7C-8EB9-ED50EBF3DF53}.Debug|Any CPU.Build.0 = Debug|Any CPU
		{BDB71F58-EB9C-4E7C-8EB9-ED50EBF3DF53}.Release|Any CPU.ActiveCfg = Release|Any CPU
		{BDB71F58-EB9C-4E7C-8EB9-ED50EBF3DF53}.Release|Any CPU.Build.0 = Release|Any CPU
		{0C1B02BF-9582-4570-BF08-54DDF343D30E}.Debug|Any CPU.ActiveCfg = Debug|Any CPU
		{0C1B02BF-9582-4570-BF08-54DDF343D30E}.Debug|Any CPU.Build.0 = Debug|Any CPU
		{0C1B02BF-9582-4570-BF08-54DDF343D30E}.Release|Any CPU.ActiveCfg = Release|Any CPU
		{0C1B02BF-9582-4570-BF08-54DDF343D30E}.Release|Any CPU.Build.0 = Release|Any CPU
		{AA6B8980-B54D-4792-AC58-F5C5B6960925}.Debug|Any CPU.ActiveCfg = Debug|Any CPU
		{AA6B8980-B54D-4792-AC58-F5C5B6960925}.Debug|Any CPU.Build.0 = Debug|Any CPU
		{AA6B8980-B54D-4792-AC58-F5C5B6960925}.Release|Any CPU.ActiveCfg = Release|Any CPU
		{AA6B8980-B54D-4792-AC58-F5C5B6960925}.Release|Any CPU.Build.0 = Release|Any CPU
		{F4072FB2-80F9-4D40-8936-061A017F974D}.Debug|Any CPU.ActiveCfg = Debug|Any CPU
		{F4072FB2-80F9-4D40-8936-061A017F974D}.Debug|Any CPU.Build.0 = Debug|Any CPU
		{F4072FB2-80F9-4D40-8936-061A017F974D}.Release|Any CPU.ActiveCfg = Release|Any CPU
		{F4072FB2-80F9-4D40-8936-061A017F974D}.Release|Any CPU.Build.0 = Release|Any CPU
		{43933550-05B2-4B04-BF60-4A67E8855C59}.Debug|Any CPU.ActiveCfg = Debug|Any CPU
		{43933550-05B2-4B04-BF60-4A67E8855C59}.Debug|Any CPU.Build.0 = Debug|Any CPU
		{43933550-05B2-4B04-BF60-4A67E8855C59}.Release|Any CPU.ActiveCfg = Release|Any CPU
		{43933550-05B2-4B04-BF60-4A67E8855C59}.Release|Any CPU.Build.0 = Release|Any CPU
	EndGlobalSection
	GlobalSection(SolutionProperties) = preSolution
		HideSolutionNode = FALSE
	EndGlobalSection
	GlobalSection(NestedProjects) = preSolution
		{9BEED27F-159E-4576-A051-2DD027117446} = {02EA681E-C7D8-13C7-8484-4AC65E1B71E8}
		{CC934EA0-AF0E-42E4-B83B-6132C257C96D} = {02EA681E-C7D8-13C7-8484-4AC65E1B71E8}
		{2024DB5A-6AFF-4805-BF6D-36E52744679E} = {02EA681E-C7D8-13C7-8484-4AC65E1B71E8}
		{1837D9AC-AD26-4E17-9BA9-77E6970EA0CE} = {02EA681E-C7D8-13C7-8484-4AC65E1B71E8}
		{B2485D48-2938-4F17-9013-B3FC5DBB10EE} = {02EA681E-C7D8-13C7-8484-4AC65E1B71E8}
		{8709B125-8DC5-4EB6-8B5E-9ADBDE284909} = {02EA681E-C7D8-13C7-8484-4AC65E1B71E8}
		{78E8AE9E-3F96-4D55-9ED1-D5706345A4F5} = {9BEED27F-159E-4576-A051-2DD027117446}
		{44272233-9D73-4B42-9961-BCF7AA2B9E47} = {9BEED27F-159E-4576-A051-2DD027117446}
		{6DBCD496-B68E-4647-938F-21789429DD9C} = {9BEED27F-159E-4576-A051-2DD027117446}
		{66461B83-C3A4-43C1-9A3B-BBF2C616E2CA} = {CC934EA0-AF0E-42E4-B83B-6132C257C96D}
		{A608E1A9-CEEA-449A-B894-3C5610133F65} = {CC934EA0-AF0E-42E4-B83B-6132C257C96D}
		{4EB01548-8EE8-41DE-8095-8774844E38EA} = {CC934EA0-AF0E-42E4-B83B-6132C257C96D}
		{F2601D56-6F3E-47A5-BEEC-9CE503398534} = {2024DB5A-6AFF-4805-BF6D-36E52744679E}
		{EE65F405-1A15-411D-96B6-3DA8E2F1D699} = {2024DB5A-6AFF-4805-BF6D-36E52744679E}
		{1EF32C7F-84D1-45BA-991D-C2A5A9AF8068} = {2024DB5A-6AFF-4805-BF6D-36E52744679E}
		{D77E25B0-AA70-48AF-AB85-F6B88DA6902C} = {1837D9AC-AD26-4E17-9BA9-77E6970EA0CE}
		{F5B6BD1B-43EE-4AA0-945D-AF04A9C6D45C} = {1837D9AC-AD26-4E17-9BA9-77E6970EA0CE}
		{570E4ADE-255F-46A9-80BE-4EA022730CA9} = {1837D9AC-AD26-4E17-9BA9-77E6970EA0CE}
		{3147C107-163F-4AB8-B8A0-A83F6F66FBB0} = {B2485D48-2938-4F17-9013-B3FC5DBB10EE}
		{411FCF7F-E896-4AAA-9A6E-F1AF491A2DA0} = {B2485D48-2938-4F17-9013-B3FC5DBB10EE}
		{550FFE19-A9C9-4A96-B622-811E596500CB} = {B2485D48-2938-4F17-9013-B3FC5DBB10EE}
		{5E517F04-1E2A-4FFD-A96C-6173329905DE} = {8709B125-8DC5-4EB6-8B5E-9ADBDE284909}
		{BDB71F58-EB9C-4E7C-8EB9-ED50EBF3DF53} = {8709B125-8DC5-4EB6-8B5E-9ADBDE284909}
		{0C1B02BF-9582-4570-BF08-54DDF343D30E} = {8709B125-8DC5-4EB6-8B5E-9ADBDE284909}
		{AA6B8980-B54D-4792-AC58-F5C5B6960925} = {7030F03A-AC68-43F6-A03C-2F19A47B259E}
		{F4072FB2-80F9-4D40-8936-061A017F974D} = {8B585FB0-4712-4CF4-AAD2-1644E0A38D25}
	EndGlobalSection
	GlobalSection(ExtensibilityGlobals) = postSolution
		SolutionGuid = {3867A709-4063-4071-BA05-FF74E0F1E6A8}
	EndGlobalSection
EndGlobal
